
Microsoft Visual Studio Solution File, Format Version 12.00
# Visual Studio Version 17
VisualStudioVersion = 17.11.35327.3
MinimumVisualStudioVersion = 10.0.40219.1
Project("{8BC9CEB8-8B4A-11D0-8D11-00A0C91BC942}") = "MyCadOld", "MyCadOld\MyCadOld.vcxproj", "{DE53C7C9-1F27-40B5-B9E8-FD2ABCB91C6E}"
EndProject
Project("{8BC9CEB8-8B4A-11D0-8D11-00A0C91BC942}") = "Algebra", "Algebra\Algebra.vcxproj", "{013672F5-CD01-4156-87F7-BC91FC4E0E39}"
EndProject
Global
	GlobalSection(SolutionConfigurationPlatforms) = preSolution
		Debug|x64 = Debug|x64
		Debug|x86 = Debug|x86
		Release|x64 = Release|x64
		Release|x86 = Release|x86
	EndGlobalSection
	GlobalSection(ProjectConfigurationPlatforms) = postSolution
		{DE53C7C9-1F27-40B5-B9E8-FD2ABCB91C6E}.Debug|x64.ActiveCfg = Debug|x64
		{DE53C7C9-1F27-40B5-B9E8-FD2ABCB91C6E}.Debug|x64.Build.0 = Debug|x64
		{DE53C7C9-1F27-40B5-B9E8-FD2ABCB91C6E}.Debug|x86.ActiveCfg = Debug|Win32
		{DE53C7C9-1F27-40B5-B9E8-FD2ABCB91C6E}.Debug|x86.Build.0 = Debug|Win32
		{DE53C7C9-1F27-40B5-B9E8-FD2ABCB91C6E}.Release|x64.ActiveCfg = Release|x64
		{DE53C7C9-1F27-40B5-B9E8-FD2ABCB91C6E}.Release|x64.Build.0 = Release|x64
		{DE53C7C9-1F27-40B5-B9E8-FD2ABCB91C6E}.Release|x86.ActiveCfg = Release|Win32
		{DE53C7C9-1F27-40B5-B9E8-FD2ABCB91C6E}.Release|x86.Build.0 = Release|Win32
		{013672F5-CD01-4156-87F7-BC91FC4E0E39}.Debug|x64.ActiveCfg = Debug|x64
		{013672F5-CD01-4156-87F7-BC91FC4E0E39}.Debug|x64.Build.0 = Debug|x64
		{013672F5-CD01-4156-87F7-BC91FC4E0E39}.Debug|x86.ActiveCfg = Debug|Win32
		{013672F5-CD01-4156-87F7-BC91FC4E0E39}.Debug|x86.Build.0 = Debug|Win32
		{013672F5-CD01-4156-87F7-BC91FC4E0E39}.Release|x64.ActiveCfg = Release|x64
		{013672F5-CD01-4156-87F7-BC91FC4E0E39}.Release|x64.Build.0 = Release|x64
		{013672F5-CD01-4156-87F7-BC91FC4E0E39}.Release|x86.ActiveCfg = Release|Win32
		{013672F5-CD01-4156-87F7-BC91FC4E0E39}.Release|x86.Build.0 = Release|Win32
	EndGlobalSection
	GlobalSection(SolutionProperties) = preSolution
		HideSolutionNode = FALSE
	EndGlobalSection
	GlobalSection(ExtensibilityGlobals) = postSolution
		SolutionGuid = {A24626D6-2047-4DA4-9720-1D2E71F2DA57}
	EndGlobalSection
EndGlobal
